
Microsoft Visual Studio Solution File, Format Version 12.00
# Visual Studio Version 16
VisualStudioVersion = 16.0.31129.286
MinimumVisualStudioVersion = 10.0.40219.1
Project("{FAE04EC0-301F-11D3-BF4B-00C04F79EFBC}") = "WindowsFormsApp1", "WindowsFormsApp1.csproj", "{EB1A160F-1F18-4FCE-805D-64913A0B1EEF}"
EndProject
Global
	GlobalSection(SolutionConfigurationPlatforms) = preSolution
		Debug|Any CPU = Debug|Any CPU
		Release|Any CPU = Release|Any CPU
	EndGlobalSection
	GlobalSection(ProjectConfigurationPlatforms) = postSolution
		{EB1A160F-1F18-4FCE-805D-64913A0B1EEF}.Debug|Any CPU.ActiveCfg = Debug|Any CPU
		{EB1A160F-1F18-4FCE-805D-64913A0B1EEF}.Debug|Any CPU.Build.0 = Debug|Any CPU
		{EB1A160F-1F18-4FCE-805D-64913A0B1EEF}.Release|Any CPU.ActiveCfg = Release|Any CPU
		{EB1A160F-1F18-4FCE-805D-64913A0B1EEF}.Release|Any CPU.Build.0 = Release|Any CPU
	EndGlobalSection
	GlobalSection(SolutionProperties) = preSolution
		HideSolutionNode = FALSE
	EndGlobalSection
	GlobalSection(ExtensibilityGlobals) = postSolution
		SolutionGuid = {0755637A-9182-4828-8D2F-03588215E0BA}
	EndGlobalSection
EndGlobal
